// !$*UTF8*$!
{
	archiveVersion = 1;
	classes = {
	};
	objectVersion = 56;
	objects = {

/* Begin PBXBuildFile section */
		DFF7F54E2CDFF8DC006B8F95 /* AppDelegate.swift in Sources */ = {isa = PBXBuildFile; fileRef = DFF7F54D2CDFF8DC006B8F95 /* AppDelegate.swift */; };
		DFF7F5502CDFF8DD006B8F95 /* GameScene.sks in Resources */ = {isa = PBXBuildFile; fileRef = DFF7F54F2CDFF8DD006B8F95 /* GameScene.sks */; };
		DFF7F5522CDFF8DD006B8F95 /* Actions.sks in Resources */ = {isa = PBXBuildFile; fileRef = DFF7F5512CDFF8DD006B8F95 /* Actions.sks */; };
		DFF7F5542CDFF8DD006B8F95 /* GameScene.swift in Sources */ = {isa = PBXBuildFile; fileRef = DFF7F5532CDFF8DD006B8F95 /* GameScene.swift */; };
		DFF7F5562CDFF8DD006B8F95 /* GameViewController.swift in Sources */ = {isa = PBXBuildFile; fileRef = DFF7F5552CDFF8DD006B8F95 /* GameViewController.swift */; };
		DFF7F5592CDFF8DD006B8F95 /* Main.storyboard in Resources */ = {isa = PBXBuildFile; fileRef = DFF7F5572CDFF8DD006B8F95 /* Main.storyboard */; };
		DFF7F55B2CDFF8DE006B8F95 /* Assets.xcassets in Resources */ = {isa = PBXBuildFile; fileRef = DFF7F55A2CDFF8DE006B8F95 /* Assets.xcassets */; };
		DFF7F55E2CDFF8DE006B8F95 /* LaunchScreen.storyboard in Resources */ = {isa = PBXBuildFile; fileRef = DFF7F55C2CDFF8DE006B8F95 /* LaunchScreen.storyboard */; };
		DFF7F5682CDFF8DE006B8F95 /* Space_MissionTests.swift in Sources */ = {isa = PBXBuildFile; fileRef = DFF7F5672CDFF8DE006B8F95 /* Space_MissionTests.swift */; };
		DFF7F5722CDFF8DE006B8F95 /* Space_MissionUITests.swift in Sources */ = {isa = PBXBuildFile; fileRef = DFF7F5712CDFF8DE006B8F95 /* Space_MissionUITests.swift */; };
		DFF7F5742CDFF8DE006B8F95 /* Space_MissionUITestsLaunchTests.swift in Sources */ = {isa = PBXBuildFile; fileRef = DFF7F5732CDFF8DE006B8F95 /* Space_MissionUITestsLaunchTests.swift */; };
/* End PBXBuildFile section */

/* Begin PBXContainerItemProxy section */
		DFF7F5642CDFF8DE006B8F95 /* PBXContainerItemProxy */ = {
			isa = PBXContainerItemProxy;
			containerPortal = DFF7F5422CDFF8DC006B8F95 /* Project object */;
			proxyType = 1;
			remoteGlobalIDString = DFF7F5492CDFF8DC006B8F95;
			remoteInfo = "Space Mission";
		};
		DFF7F56E2CDFF8DE006B8F95 /* PBXContainerItemProxy */ = {
			isa = PBXContainerItemProxy;
			containerPortal = DFF7F5422CDFF8DC006B8F95 /* Project object */;
			proxyType = 1;
			remoteGlobalIDString = DFF7F5492CDFF8DC006B8F95;
			remoteInfo = "Space Mission";
		};
/* End PBXContainerItemProxy section */

/* Begin PBXFileReference section */
		DFF7F54A2CDFF8DC006B8F95 /* Space Mission.app */ = {isa = PBXFileReference; explicitFileType = wrapper.application; includeInIndex = 0; path = "Space Mission.app"; sourceTree = BUILT_PRODUCTS_DIR; };
		DFF7F54D2CDFF8DC006B8F95 /* AppDelegate.swift */ = {isa = PBXFileReference; lastKnownFileType = sourcecode.swift; path = AppDelegate.swift; sourceTree = "<group>"; };
		DFF7F54F2CDFF8DD006B8F95 /* GameScene.sks */ = {isa = PBXFileReference; lastKnownFileType = file.sks; path = GameScene.sks; sourceTree = "<group>"; };
		DFF7F5512CDFF8DD006B8F95 /* Actions.sks */ = {isa = PBXFileReference; lastKnownFileType = file.sks; path = Actions.sks; sourceTree = "<group>"; };
		DFF7F5532CDFF8DD006B8F95 /* GameScene.swift */ = {isa = PBXFileReference; lastKnownFileType = sourcecode.swift; path = GameScene.swift; sourceTree = "<group>"; };
		DFF7F5552CDFF8DD006B8F95 /* GameViewController.swift */ = {isa = PBXFileReference; lastKnownFileType = sourcecode.swift; path = GameViewController.swift; sourceTree = "<group>"; };
		DFF7F5582CDFF8DD006B8F95 /* Base */ = {isa = PBXFileReference; lastKnownFileType = file.storyboard; name = Base; path = Base.lproj/Main.storyboard; sourceTree = "<group>"; };
		DFF7F55A2CDFF8DE006B8F95 /* Assets.xcassets */ = {isa = PBXFileReference; lastKnownFileType = folder.assetcatalog; path = Assets.xcassets; sourceTree = "<group>"; };
		DFF7F55D2CDFF8DE006B8F95 /* Base */ = {isa = PBXFileReference; lastKnownFileType = file.storyboard; name = Base; path = Base.lproj/LaunchScreen.storyboard; sourceTree = "<group>"; };
		DFF7F5632CDFF8DE006B8F95 /* Space MissionTests.xctest */ = {isa = PBXFileReference; explicitFileType = wrapper.cfbundle; includeInIndex = 0; path = "Space MissionTests.xctest"; sourceTree = BUILT_PRODUCTS_DIR; };
		DFF7F5672CDFF8DE006B8F95 /* Space_MissionTests.swift */ = {isa = PBXFileReference; lastKnownFileType = sourcecode.swift; path = Space_MissionTests.swift; sourceTree = "<group>"; };
		DFF7F56D2CDFF8DE006B8F95 /* Space MissionUITests.xctest */ = {isa = PBXFileReference; explicitFileType = wrapper.cfbundle; includeInIndex = 0; path = "Space MissionUITests.xctest"; sourceTree = BUILT_PRODUCTS_DIR; };
		DFF7F5712CDFF8DE006B8F95 /* Space_MissionUITests.swift */ = {isa = PBXFileReference; lastKnownFileType = sourcecode.swift; path = Space_MissionUITests.swift; sourceTree = "<group>"; };
		DFF7F5732CDFF8DE006B8F95 /* Space_MissionUITestsLaunchTests.swift */ = {isa = PBXFileReference; lastKnownFileType = sourcecode.swift; path = Space_MissionUITestsLaunchTests.swift; sourceTree = "<group>"; };
/* End PBXFileReference section */

/* Begin PBXFrameworksBuildPhase section */
		DFF7F5472CDFF8DC006B8F95 /* Frameworks */ = {
			isa = PBXFrameworksBuildPhase;
			buildActionMask = 2147483647;
			files = (
			);
			runOnlyForDeploymentPostprocessing = 0;
		};
		DFF7F5602CDFF8DE006B8F95 /* Frameworks */ = {
			isa = PBXFrameworksBuildPhase;
			buildActionMask = 2147483647;
			files = (
			);
			runOnlyForDeploymentPostprocessing = 0;
		};
		DFF7F56A2CDFF8DE006B8F95 /* Frameworks */ = {
			isa = PBXFrameworksBuildPhase;
			buildActionMask = 2147483647;
			files = (
			);
			runOnlyForDeploymentPostprocessing = 0;
		};
/* End PBXFrameworksBuildPhase section */

/* Begin PBXGroup section */
		DFF7F5412CDFF8DC006B8F95 = {
			isa = PBXGroup;
			children = (
				DFF7F54C2CDFF8DC006B8F95 /* Space Mission */,
				DFF7F5662CDFF8DE006B8F95 /* Space MissionTests */,
				DFF7F5702CDFF8DE006B8F95 /* Space MissionUITests */,
				DFF7F54B2CDFF8DC006B8F95 /* Products */,
			);
			sourceTree = "<group>";
		};
		DFF7F54B2CDFF8DC006B8F95 /* Products */ = {
			isa = PBXGroup;
			children = (
				DFF7F54A2CDFF8DC006B8F95 /* Space Mission.app */,
				DFF7F5632CDFF8DE006B8F95 /* Space MissionTests.xctest */,
				DFF7F56D2CDFF8DE006B8F95 /* Space MissionUITests.xctest */,
			);
			name = Products;
			sourceTree = "<group>";
		};
		DFF7F54C2CDFF8DC006B8F95 /* Space Mission */ = {
			isa = PBXGroup;
			children = (
				DFF7F54D2CDFF8DC006B8F95 /* AppDelegate.swift */,
				DFF7F54F2CDFF8DD006B8F95 /* GameScene.sks */,
				DFF7F5512CDFF8DD006B8F95 /* Actions.sks */,
				DFF7F5532CDFF8DD006B8F95 /* GameScene.swift */,
				DFF7F5552CDFF8DD006B8F95 /* GameViewController.swift */,
				DFF7F5572CDFF8DD006B8F95 /* Main.storyboard */,
				DFF7F55A2CDFF8DE006B8F95 /* Assets.xcassets */,
				DFF7F55C2CDFF8DE006B8F95 /* LaunchScreen.storyboard */,
			);
			path = "Space Mission";
			sourceTree = "<group>";
		};
		DFF7F5662CDFF8DE006B8F95 /* Space MissionTests */ = {
			isa = PBXGroup;
			children = (
				DFF7F5672CDFF8DE006B8F95 /* Space_MissionTests.swift */,
			);
			path = "Space MissionTests";
			sourceTree = "<group>";
		};
		DFF7F5702CDFF8DE006B8F95 /* Space MissionUITests */ = {
			isa = PBXGroup;
			children = (
				DFF7F5712CDFF8DE006B8F95 /* Space_MissionUITests.swift */,
				DFF7F5732CDFF8DE006B8F95 /* Space_MissionUITestsLaunchTests.swift */,
			);
			path = "Space MissionUITests";
			sourceTree = "<group>";
		};
/* End PBXGroup section */

/* Begin PBXNativeTarget section */
		DFF7F5492CDFF8DC006B8F95 /* Space Mission */ = {
			isa = PBXNativeTarget;
			buildConfigurationList = DFF7F5772CDFF8DE006B8F95 /* Build configuration list for PBXNativeTarget "Space Mission" */;
			buildPhases = (
				DFF7F5462CDFF8DC006B8F95 /* Sources */,
				DFF7F5472CDFF8DC006B8F95 /* Frameworks */,
				DFF7F5482CDFF8DC006B8F95 /* Resources */,
			);
			buildRules = (
			);
			dependencies = (
			);
			name = "Space Mission";
			productName = "Space Mission";
			productReference = DFF7F54A2CDFF8DC006B8F95 /* Space Mission.app */;
			productType = "com.apple.product-type.application";
		};
		DFF7F5622CDFF8DE006B8F95 /* Space MissionTests */ = {
			isa = PBXNativeTarget;
			buildConfigurationList = DFF7F57A2CDFF8DE006B8F95 /* Build configuration list for PBXNativeTarget "Space MissionTests" */;
			buildPhases = (
				DFF7F55F2CDFF8DE006B8F95 /* Sources */,
				DFF7F5602CDFF8DE006B8F95 /* Frameworks */,
				DFF7F5612CDFF8DE006B8F95 /* Resources */,
			);
			buildRules = (
			);
			dependencies = (
				DFF7F5652CDFF8DE006B8F95 /* PBXTargetDependency */,
			);
			name = "Space MissionTests";
			productName = "Space MissionTests";
			productReference = DFF7F5632CDFF8DE006B8F95 /* Space MissionTests.xctest */;
			productType = "com.apple.product-type.bundle.unit-test";
		};
		DFF7F56C2CDFF8DE006B8F95 /* Space MissionUITests */ = {
			isa = PBXNativeTarget;
			buildConfigurationList = DFF7F57D2CDFF8DE006B8F95 /* Build configuration list for PBXNativeTarget "Space MissionUITests" */;
			buildPhases = (
				DFF7F5692CDFF8DE006B8F95 /* Sources */,
				DFF7F56A2CDFF8DE006B8F95 /* Frameworks */,
				DFF7F56B2CDFF8DE006B8F95 /* Resources */,
			);
			buildRules = (
			);
			dependencies = (
				DFF7F56F2CDFF8DE006B8F95 /* PBXTargetDependency */,
			);
			name = "Space MissionUITests";
			productName = "Space MissionUITests";
			productReference = DFF7F56D2CDFF8DE006B8F95 /* Space MissionUITests.xctest */;
			productType = "com.apple.product-type.bundle.ui-testing";
		};
/* End PBXNativeTarget section */

/* Begin PBXProject section */
		DFF7F5422CDFF8DC006B8F95 /* Project object */ = {
			isa = PBXProject;
			attributes = {
				BuildIndependentTargetsInParallel = 1;
				LastSwiftUpdateCheck = 1500;
				LastUpgradeCheck = 1500;
				TargetAttributes = {
					DFF7F5492CDFF8DC006B8F95 = {
						CreatedOnToolsVersion = 15.0;
					};
					DFF7F5622CDFF8DE006B8F95 = {
						CreatedOnToolsVersion = 15.0;
						TestTargetID = DFF7F5492CDFF8DC006B8F95;
					};
					DFF7F56C2CDFF8DE006B8F95 = {
						CreatedOnToolsVersion = 15.0;
						TestTargetID = DFF7F5492CDFF8DC006B8F95;
					};
				};
			};
			buildConfigurationList = DFF7F5452CDFF8DC006B8F95 /* Build configuration list for PBXProject "Space Mission" */;
			compatibilityVersion = "Xcode 14.0";
			developmentRegion = en;
			hasScannedForEncodings = 0;
			knownRegions = (
				en,
				Base,
			);
			mainGroup = DFF7F5412CDFF8DC006B8F95;
			productRefGroup = DFF7F54B2CDFF8DC006B8F95 /* Products */;
			projectDirPath = "";
			projectRoot = "";
			targets = (
				DFF7F5492CDFF8DC006B8F95 /* Space Mission */,
				DFF7F5622CDFF8DE006B8F95 /* Space MissionTests */,
				DFF7F56C2CDFF8DE006B8F95 /* Space MissionUITests */,
			);
		};
/* End PBXProject section */

/* Begin PBXResourcesBuildPhase section */
		DFF7F5482CDFF8DC006B8F95 /* Resources */ = {
			isa = PBXResourcesBuildPhase;
			buildActionMask = 2147483647;
			files = (
				DFF7F5592CDFF8DD006B8F95 /* Main.storyboard in Resources */,
				DFF7F5502CDFF8DD006B8F95 /* GameScene.sks in Resources */,
				DFF7F55B2CDFF8DE006B8F95 /* Assets.xcassets in Resources */,
				DFF7F55E2CDFF8DE006B8F95 /* LaunchScreen.storyboard in Resources */,
				DFF7F5522CDFF8DD006B8F95 /* Actions.sks in Resources */,
			);
			runOnlyForDeploymentPostprocessing = 0;
		};
		DFF7F5612CDFF8DE006B8F95 /* Resources */ = {
			isa = PBXResourcesBuildPhase;
			buildActionMask = 2147483647;
			files = (
			);
			runOnlyForDeploymentPostprocessing = 0;
		};
		DFF7F56B2CDFF8DE006B8F95 /* Resources */ = {
			isa = PBXResourcesBuildPhase;
			buildActionMask = 2147483647;
			files = (
			);
			runOnlyForDeploymentPostprocessing = 0;
		};
/* End PBXResourcesBuildPhase section */

/* Begin PBXSourcesBuildPhase section */
		DFF7F5462CDFF8DC006B8F95 /* Sources */ = {
			isa = PBXSourcesBuildPhase;
			buildActionMask = 2147483647;
			files = (
				DFF7F5542CDFF8DD006B8F95 /* GameScene.swift in Sources */,
				DFF7F5562CDFF8DD006B8F95 /* GameViewController.swift in Sources */,
				DFF7F54E2CDFF8DC006B8F95 /* AppDelegate.swift in Sources */,
			);
			runOnlyForDeploymentPostprocessing = 0;
		};
		DFF7F55F2CDFF8DE006B8F95 /* Sources */ = {
			isa = PBXSourcesBuildPhase;
			buildActionMask = 2147483647;
			files = (
				DFF7F5682CDFF8DE006B8F95 /* Space_MissionTests.swift in Sources */,
			);
			runOnlyForDeploymentPostprocessing = 0;
		};
		DFF7F5692CDFF8DE006B8F95 /* Sources */ = {
			isa = PBXSourcesBuildPhase;
			buildActionMask = 2147483647;
			files = (
				DFF7F5742CDFF8DE006B8F95 /* Space_MissionUITestsLaunchTests.swift in Sources */,
				DFF7F5722CDFF8DE006B8F95 /* Space_MissionUITests.swift in Sources */,
			);
			runOnlyForDeploymentPostprocessing = 0;
		};
/* End PBXSourcesBuildPhase section */

/* Begin PBXTargetDependency section */
		DFF7F5652CDFF8DE006B8F95 /* PBXTargetDependency */ = {
			isa = PBXTargetDependency;
			target = DFF7F5492CDFF8DC006B8F95 /* Space Mission */;
			targetProxy = DFF7F5642CDFF8DE006B8F95 /* PBXContainerItemProxy */;
		};
		DFF7F56F2CDFF8DE006B8F95 /* PBXTargetDependency */ = {
			isa = PBXTargetDependency;
			target = DFF7F5492CDFF8DC006B8F95 /* Space Mission */;
			targetProxy = DFF7F56E2CDFF8DE006B8F95 /* PBXContainerItemProxy */;
		};
/* End PBXTargetDependency section */

/* Begin PBXVariantGroup section */
		DFF7F5572CDFF8DD006B8F95 /* Main.storyboard */ = {
			isa = PBXVariantGroup;
			children = (
				DFF7F5582CDFF8DD006B8F95 /* Base */,
			);
			name = Main.storyboard;
			sourceTree = "<group>";
		};
		DFF7F55C2CDFF8DE006B8F95 /* LaunchScreen.storyboard */ = {
			isa = PBXVariantGroup;
			children = (
				DFF7F55D2CDFF8DE006B8F95 /* Base */,
			);
			name = LaunchScreen.storyboard;
			sourceTree = "<group>";
		};
/* End PBXVariantGroup section */

/* Begin XCBuildConfiguration section */
		DFF7F5752CDFF8DE006B8F95 /* Debug */ = {
			isa = XCBuildConfiguration;
			buildSettings = {
				ALWAYS_SEARCH_USER_PATHS = NO;
				ASSETCATALOG_COMPILER_GENERATE_SWIFT_ASSET_SYMBOL_EXTENSIONS = YES;
				CLANG_ANALYZER_NONNULL = YES;
				CLANG_ANALYZER_NUMBER_OBJECT_CONVERSION = YES_AGGRESSIVE;
				CLANG_CXX_LANGUAGE_STANDARD = "gnu++20";
				CLANG_ENABLE_MODULES = YES;
				CLANG_ENABLE_OBJC_ARC = YES;
				CLANG_ENABLE_OBJC_WEAK = YES;
				CLANG_WARN_BLOCK_CAPTURE_AUTORELEASING = YES;
				CLANG_WARN_BOOL_CONVERSION = YES;
				CLANG_WARN_COMMA = YES;
				CLANG_WARN_CONSTANT_CONVERSION = YES;
				CLANG_WARN_DEPRECATED_OBJC_IMPLEMENTATIONS = YES;
				CLANG_WARN_DIRECT_OBJC_ISA_USAGE = YES_ERROR;
				CLANG_WARN_DOCUMENTATION_COMMENTS = YES;
				CLANG_WARN_EMPTY_BODY = YES;
				CLANG_WARN_ENUM_CONVERSION = YES;
				CLANG_WARN_INFINITE_RECURSION = YES;
				CLANG_WARN_INT_CONVERSION = YES;
				CLANG_WARN_NON_LITERAL_NULL_CONVERSION = YES;
				CLANG_WARN_OBJC_IMPLICIT_RETAIN_SELF = YES;
				CLANG_WARN_OBJC_LITERAL_CONVERSION = YES;
				CLANG_WARN_OBJC_ROOT_CLASS = YES_ERROR;
				CLANG_WARN_QUOTED_INCLUDE_IN_FRAMEWORK_HEADER = YES;
				CLANG_WARN_RANGE_LOOP_ANALYSIS = YES;
				CLANG_WARN_STRICT_PROTOTYPES = YES;
				CLANG_WARN_SUSPICIOUS_MOVE = YES;
				CLANG_WARN_UNGUARDED_AVAILABILITY = YES_AGGRESSIVE;
				CLANG_WARN_UNREACHABLE_CODE = YES;
				CLANG_WARN__DUPLICATE_METHOD_MATCH = YES;
				COPY_PHASE_STRIP = NO;
				DEBUG_INFORMATION_FORMAT = dwarf;
				ENABLE_STRICT_OBJC_MSGSEND = YES;
				ENABLE_TESTABILITY = YES;
				ENABLE_USER_SCRIPT_SANDBOXING = YES;
				GCC_C_LANGUAGE_STANDARD = gnu17;
				GCC_DYNAMIC_NO_PIC = NO;
				GCC_NO_COMMON_BLOCKS = YES;
				GCC_OPTIMIZATION_LEVEL = 0;
				GCC_PREPROCESSOR_DEFINITIONS = (
					"DEBUG=1",
					"$(inherited)",
				);
				GCC_WARN_64_TO_32_BIT_CONVERSION = YES;
				GCC_WARN_ABOUT_RETURN_TYPE = YES_ERROR;
				GCC_WARN_UNDECLARED_SELECTOR = YES;
				GCC_WARN_UNINITIALIZED_AUTOS = YES_AGGRESSIVE;
				GCC_WARN_UNUSED_FUNCTION = YES;
				GCC_WARN_UNUSED_VARIABLE = YES;
				IPHONEOS_DEPLOYMENT_TARGET = 17.0;
				LOCALIZATION_PREFERS_STRING_CATALOGS = YES;
				MTL_ENABLE_DEBUG_INFO = INCLUDE_SOURCE;
				MTL_FAST_MATH = YES;
				ONLY_ACTIVE_ARCH = YES;
				SDKROOT = iphoneos;
				SWIFT_ACTIVE_COMPILATION_CONDITIONS = "DEBUG $(inherited)";
				SWIFT_OPTIMIZATION_LEVEL = "-Onone";
			};
			name = Debug;
		};
		DFF7F5762CDFF8DE006B8F95 /* Release */ = {
			isa = XCBuildConfiguration;
			buildSettings = {
				ALWAYS_SEARCH_USER_PATHS = NO;
				ASSETCATALOG_COMPILER_GENERATE_SWIFT_ASSET_SYMBOL_EXTENSIONS = YES;
				CLANG_ANALYZER_NONNULL = YES;
				CLANG_ANALYZER_NUMBER_OBJECT_CONVERSION = YES_AGGRESSIVE;
				CLANG_CXX_LANGUAGE_STANDARD = "gnu++20";
				CLANG_ENABLE_MODULES = YES;
				CLANG_ENABLE_OBJC_ARC = YES;
				CLANG_ENABLE_OBJC_WEAK = YES;
				CLANG_WARN_BLOCK_CAPTURE_AUTORELEASING = YES;
				CLANG_WARN_BOOL_CONVERSION = YES;
				CLANG_WARN_COMMA = YES;
				CLANG_WARN_CONSTANT_CONVERSION = YES;
				CLANG_WARN_DEPRECATED_OBJC_IMPLEMENTATIONS = YES;
				CLANG_WARN_DIRECT_OBJC_ISA_USAGE = YES_ERROR;
				CLANG_WARN_DOCUMENTATION_COMMENTS = YES;
				CLANG_WARN_EMPTY_BODY = YES;
				CLANG_WARN_ENUM_CONVERSION = YES;
				CLANG_WARN_INFINITE_RECURSION = YES;
				CLANG_WARN_INT_CONVERSION = YES;
				CLANG_WARN_NON_LITERAL_NULL_CONVERSION = YES;
				CLANG_WARN_OBJC_IMPLICIT_RETAIN_SELF = YES;
				CLANG_WARN_OBJC_LITERAL_CONVERSION = YES;
				CLANG_WARN_OBJC_ROOT_CLASS = YES_ERROR;
				CLANG_WARN_QUOTED_INCLUDE_IN_FRAMEWORK_HEADER = YES;
				CLANG_WARN_RANGE_LOOP_ANALYSIS = YES;
				CLANG_WARN_STRICT_PROTOTYPES = YES;
				CLANG_WARN_SUSPICIOUS_MOVE = YES;
				CLANG_WARN_UNGUARDED_AVAILABILITY = YES_AGGRESSIVE;
				CLANG_WARN_UNREACHABLE_CODE = YES;
				CLANG_WARN__DUPLICATE_METHOD_MATCH = YES;
				COPY_PHASE_STRIP = NO;
				DEBUG_INFORMATION_FORMAT = "dwarf-with-dsym";
				ENABLE_NS_ASSERTIONS = NO;
				ENABLE_STRICT_OBJC_MSGSEND = YES;
				ENABLE_USER_SCRIPT_SANDBOXING = YES;
				GCC_C_LANGUAGE_STANDARD = gnu17;
				GCC_NO_COMMON_BLOCKS = YES;
				GCC_WARN_64_TO_32_BIT_CONVERSION = YES;
				GCC_WARN_ABOUT_RETURN_TYPE = YES_ERROR;
				GCC_WARN_UNDECLARED_SELECTOR = YES;
				GCC_WARN_UNINITIALIZED_AUTOS = YES_AGGRESSIVE;
				GCC_WARN_UNUSED_FUNCTION = YES;
				GCC_WARN_UNUSED_VARIABLE = YES;
				IPHONEOS_DEPLOYMENT_TARGET = 17.0;
				LOCALIZATION_PREFERS_STRING_CATALOGS = YES;
				MTL_ENABLE_DEBUG_INFO = NO;
				MTL_FAST_MATH = YES;
				SDKROOT = iphoneos;
				SWIFT_COMPILATION_MODE = wholemodule;
				VALIDATE_PRODUCT = YES;
			};
			name = Release;
		};
		DFF7F5782CDFF8DE006B8F95 /* Debug */ = {
			isa = XCBuildConfiguration;
			buildSettings = {
				ASSETCATALOG_COMPILER_APPICON_NAME = AppIcon;
				ASSETCATALOG_COMPILER_GLOBAL_ACCENT_COLOR_NAME = AccentColor;
				CODE_SIGN_STYLE = Automatic;
				CURRENT_PROJECT_VERSION = 1;
				DEVELOPMENT_TEAM = A3MZTS7P4B;
				GENERATE_INFOPLIST_FILE = YES;
				INFOPLIST_KEY_UIApplicationSupportsIndirectInputEvents = YES;
				INFOPLIST_KEY_UILaunchStoryboardName = LaunchScreen;
				INFOPLIST_KEY_UIMainStoryboardFile = Main;
				INFOPLIST_KEY_UIStatusBarHidden = YES;
				INFOPLIST_KEY_UISupportedInterfaceOrientations_iPad = "UIInterfaceOrientationPortrait UIInterfaceOrientationPortraitUpsideDown UIInterfaceOrientationLandscapeLeft UIInterfaceOrientationLandscapeRight";
				INFOPLIST_KEY_UISupportedInterfaceOrientations_iPhone = "UIInterfaceOrientationPortrait UIInterfaceOrientationLandscapeLeft UIInterfaceOrientationLandscapeRight";
				LD_RUNPATH_SEARCH_PATHS = (
					"$(inherited)",
					"@executable_path/Frameworks",
				);
				MARKETING_VERSION = 1.0;
				PRODUCT_BUNDLE_IDENTIFIER = "betul.Space-Mission";
				PRODUCT_NAME = "$(TARGET_NAME)";
				SWIFT_EMIT_LOC_STRINGS = YES;
				SWIFT_VERSION = 5.0;
				TARGETED_DEVICE_FAMILY = "1,2";
			};
			name = Debug;
		};
		DFF7F5792CDFF8DE006B8F95 /* Release */ = {
			isa = XCBuildConfiguration;
			buildSettings = {
				ASSETCATALOG_COMPILER_APPICON_NAME = AppIcon;
				ASSETCATALOG_COMPILER_GLOBAL_ACCENT_COLOR_NAME = AccentColor;
				CODE_SIGN_STYLE = Automatic;
				CURRENT_PROJECT_VERSION = 1;
				DEVELOPMENT_TEAM = A3MZTS7P4B;
				GENERATE_INFOPLIST_FILE = YES;
				INFOPLIST_KEY_UIApplicationSupportsIndirectInputEvents = YES;
				INFOPLIST_KEY_UILaunchStoryboardName = LaunchScreen;
				INFOPLIST_KEY_UIMainStoryboardFile = Main;
				INFOPLIST_KEY_UIStatusBarHidden = YES;
				INFOPLIST_KEY_UISupportedInterfaceOrientations_iPad = "UIInterfaceOrientationPortrait UIInterfaceOrientationPortraitUpsideDown UIInterfaceOrientationLandscapeLeft UIInterfaceOrientationLandscapeRight";
				INFOPLIST_KEY_UISupportedInterfaceOrientations_iPhone = "UIInterfaceOrientationPortrait UIInterfaceOrientationLandscapeLeft UIInterfaceOrientationLandscapeRight";
				LD_RUNPATH_SEARCH_PATHS = (
					"$(inherited)",
					"@executable_path/Frameworks",
				);
				MARKETING_VERSION = 1.0;
				PRODUCT_BUNDLE_IDENTIFIER = "betul.Space-Mission";
				PRODUCT_NAME = "$(TARGET_NAME)";
				SWIFT_EMIT_LOC_STRINGS = YES;
				SWIFT_VERSION = 5.0;
				TARGETED_DEVICE_FAMILY = "1,2";
			};
			name = Release;
		};
		DFF7F57B2CDFF8DE006B8F95 /* Debug */ = {
			isa = XCBuildConfiguration;
			buildSettings = {
				ALWAYS_EMBED_SWIFT_STANDARD_LIBRARIES = YES;
				BUNDLE_LOADER = "$(TEST_HOST)";
				CODE_SIGN_STYLE = Automatic;
				CURRENT_PROJECT_VERSION = 1;
				DEVELOPMENT_TEAM = A3MZTS7P4B;
				GENERATE_INFOPLIST_FILE = YES;
				IPHONEOS_DEPLOYMENT_TARGET = 17.0;
				MARKETING_VERSION = 1.0;
				PRODUCT_BUNDLE_IDENTIFIER = "betul.Space-MissionTests";
				PRODUCT_NAME = "$(TARGET_NAME)";
				SWIFT_EMIT_LOC_STRINGS = NO;
				SWIFT_VERSION = 5.0;
				TARGETED_DEVICE_FAMILY = "1,2";
				TEST_HOST = "$(BUILT_PRODUCTS_DIR)/Space Mission.app/$(BUNDLE_EXECUTABLE_FOLDER_PATH)/Space Mission";
			};
			name = Debug;
		};
		DFF7F57C2CDFF8DE006B8F95 /* Release */ = {
			isa = XCBuildConfiguration;
			buildSettings = {
				ALWAYS_EMBED_SWIFT_STANDARD_LIBRARIES = YES;
				BUNDLE_LOADER = "$(TEST_HOST)";
				CODE_SIGN_STYLE = Automatic;
				CURRENT_PROJECT_VERSION = 1;
				DEVELOPMENT_TEAM = A3MZTS7P4B;
				GENERATE_INFOPLIST_FILE = YES;
				IPHONEOS_DEPLOYMENT_TARGET = 17.0;
				MARKETING_VERSION = 1.0;
				PRODUCT_BUNDLE_IDENTIFIER = "betul.Space-MissionTests";
				PRODUCT_NAME = "$(TARGET_NAME)";
				SWIFT_EMIT_LOC_STRINGS = NO;
				SWIFT_VERSION = 5.0;
				TARGETED_DEVICE_FAMILY = "1,2";
				TEST_HOST = "$(BUILT_PRODUCTS_DIR)/Space Mission.app/$(BUNDLE_EXECUTABLE_FOLDER_PATH)/Space Mission";
			};
			name = Release;
		};
		DFF7F57E2CDFF8DE006B8F95 /* Debug */ = {
			isa = XCBuildConfiguration;
			buildSettings = {
				ALWAYS_EMBED_SWIFT_STANDARD_LIBRARIES = YES;
				CODE_SIGN_STYLE = Automatic;
				CURRENT_PROJECT_VERSION = 1;
				DEVELOPMENT_TEAM = A3MZTS7P4B;
				GENERATE_INFOPLIST_FILE = YES;
				MARKETING_VERSION = 1.0;
				PRODUCT_BUNDLE_IDENTIFIER = "betul.Space-MissionUITests";
				PRODUCT_NAME = "$(TARGET_NAME)";
				SWIFT_EMIT_LOC_STRINGS = NO;
				SWIFT_VERSION = 5.0;
				TARGETED_DEVICE_FAMILY = "1,2";
				TEST_TARGET_NAME = "Space Mission";
			};
			name = Debug;
		};
		DFF7F57F2CDFF8DE006B8F95 /* Release */ = {
			isa = XCBuildConfiguration;
			buildSettings = {
				ALWAYS_EMBED_SWIFT_STANDARD_LIBRARIES = YES;
				CODE_SIGN_STYLE = Automatic;
				CURRENT_PROJECT_VERSION = 1;
				DEVELOPMENT_TEAM = A3MZTS7P4B;
				GENERATE_INFOPLIST_FILE = YES;
				MARKETING_VERSION = 1.0;
				PRODUCT_BUNDLE_IDENTIFIER = "betul.Space-MissionUITests";
				PRODUCT_NAME = "$(TARGET_NAME)";
				SWIFT_EMIT_LOC_STRINGS = NO;
				SWIFT_VERSION = 5.0;
				TARGETED_DEVICE_FAMILY = "1,2";
				TEST_TARGET_NAME = "Space Mission";
			};
			name = Release;
		};
/* End XCBuildConfiguration section */

/* Begin XCConfigurationList section */
		DFF7F5452CDFF8DC006B8F95 /* Build configuration list for PBXProject "Space Mission" */ = {
			isa = XCConfigurationList;
			buildConfigurations = (
				DFF7F5752CDFF8DE006B8F95 /* Debug */,
				DFF7F5762CDFF8DE006B8F95 /* Release */,
			);
			defaultConfigurationIsVisible = 0;
			defaultConfigurationName = Release;
		};
		DFF7F5772CDFF8DE006B8F95 /* Build configuration list for PBXNativeTarget "Space Mission" */ = {
			isa = XCConfigurationList;
			buildConfigurations = (
				DFF7F5782CDFF8DE006B8F95 /* Debug */,
				DFF7F5792CDFF8DE006B8F95 /* Release */,
			);
			defaultConfigurationIsVisible = 0;
			defaultConfigurationName = Release;
		};
		DFF7F57A2CDFF8DE006B8F95 /* Build configuration list for PBXNativeTarget "Space MissionTests" */ = {
			isa = XCConfigurationList;
			buildConfigurations = (
				DFF7F57B2CDFF8DE006B8F95 /* Debug */,
				DFF7F57C2CDFF8DE006B8F95 /* Release */,
			);
			defaultConfigurationIsVisible = 0;
			defaultConfigurationName = Release;
		};
		DFF7F57D2CDFF8DE006B8F95 /* Build configuration list for PBXNativeTarget "Space MissionUITests" */ = {
			isa = XCConfigurationList;
			buildConfigurations = (
				DFF7F57E2CDFF8DE006B8F95 /* Debug */,
				DFF7F57F2CDFF8DE006B8F95 /* Release */,
			);
			defaultConfigurationIsVisible = 0;
			defaultConfigurationName = Release;
		};
/* End XCConfigurationList section */
	};
	rootObject = DFF7F5422CDFF8DC006B8F95 /* Project object */;
}
